
Microsoft Visual Studio Solution File, Format Version 12.00
# Visual Studio Version 17
VisualStudioVersion = 17.9.34902.65
MinimumVisualStudioVersion = 10.0.40219.1
Project("{FAE04EC0-301F-11D3-BF4B-00C04F79EFBC}") = "GameMasterHelper", "GameMasterHelper\GameMasterHelper.csproj", "{D6794594-5E13-4484-8D7B-919F8C6F7F7E}"
EndProject
Global
	GlobalSection(SolutionConfigurationPlatforms) = preSolution
		Debug|Any CPU = Debug|Any CPU
		Release|Any CPU = Release|Any CPU
	EndGlobalSection
	GlobalSection(ProjectConfigurationPlatforms) = postSolution
		{D6794594-5E13-4484-8D7B-919F8C6F7F7E}.Debug|Any CPU.ActiveCfg = Debug|Any CPU
		{D6794594-5E13-4484-8D7B-919F8C6F7F7E}.Debug|Any CPU.Build.0 = Debug|Any CPU
		{D6794594-5E13-4484-8D7B-919F8C6F7F7E}.Release|Any CPU.ActiveCfg = Release|Any CPU
		{D6794594-5E13-4484-8D7B-919F8C6F7F7E}.Release|Any CPU.Build.0 = Release|Any CPU
	EndGlobalSection
	GlobalSection(SolutionProperties) = preSolution
		HideSolutionNode = FALSE
	EndGlobalSection
	GlobalSection(ExtensibilityGlobals) = postSolution
		SolutionGuid = {CD3516F6-116C-42E9-A0E2-309C34600E9D}
	EndGlobalSection
EndGlobal
